// !$*UTF8*$!
{
	archiveVersion = 1;
	classes = {
	};
	objectVersion = 50;
	objects = {

/* Begin PBXBuildFile section */
		0A3B5D46233CA8FF00993899 /* AppDelegate.m in Sources */ = {isa = PBXBuildFile; fileRef = 0A3B5D45233CA8FF00993899 /* AppDelegate.m */; };
		0A3B5D49233CA8FF00993899 /* SceneDelegate.m in Sources */ = {isa = PBXBuildFile; fileRef = 0A3B5D48233CA8FF00993899 /* SceneDelegate.m */; };
		0A3B5D4C233CA8FF00993899 /* StreamViewController.m in Sources */ = {isa = PBXBuildFile; fileRef = 0A3B5D4B233CA8FF00993899 /* StreamViewController.m */; };
		0A3B5D4F233CA8FF00993899 /* Main.storyboard in Resources */ = {isa = PBXBuildFile; fileRef = 0A3B5D4D233CA8FF00993899 /* Main.storyboard */; };
		0A3B5D51233CA90900993899 /* Assets.xcassets in Resources */ = {isa = PBXBuildFile; fileRef = 0A3B5D50233CA90900993899 /* Assets.xcassets */; };
		0A3B5D54233CA90900993899 /* LaunchScreen.storyboard in Resources */ = {isa = PBXBuildFile; fileRef = 0A3B5D52233CA90900993899 /* LaunchScreen.storyboard */; };
		0A3B5D57233CA90900993899 /* main.m in Sources */ = {isa = PBXBuildFile; fileRef = 0A3B5D56233CA90900993899 /* main.m */; };
		0A3B5D61233CA90A00993899 /* AudioTestAppUITests.m in Sources */ = {isa = PBXBuildFile; fileRef = 0A3B5D60233CA90A00993899 /* AudioTestAppUITests.m */; };
		0A3B5D73233CADC300993899 /* StreamViewControllerViewModel.m in Sources */ = {isa = PBXBuildFile; fileRef = 0A3B5D72233CADC300993899 /* StreamViewControllerViewModel.m */; };
		0A3B5D74233CADC300993899 /* StreamViewControllerViewModel.m in Sources */ = {isa = PBXBuildFile; fileRef = 0A3B5D72233CADC300993899 /* StreamViewControllerViewModel.m */; };
		0AA0CBAE233D0EC300796B08 /* Localizable.strings in Resources */ = {isa = PBXBuildFile; fileRef = 0AA0CBAC233D0EC300796B08 /* Localizable.strings */; };
		0AA0CBAF233D0EC300796B08 /* Localizable.strings in Resources */ = {isa = PBXBuildFile; fileRef = 0AA0CBAC233D0EC300796B08 /* Localizable.strings */; };
		0AD49FB5233CBB4F0003F704 /* AudioStreamService.m in Sources */ = {isa = PBXBuildFile; fileRef = 0AD49FB4233CBB4F0003F704 /* AudioStreamService.m */; };
		0AD49FB6233CBB4F0003F704 /* AudioStreamService.m in Sources */ = {isa = PBXBuildFile; fileRef = 0AD49FB4233CBB4F0003F704 /* AudioStreamService.m */; };
		0AD49FB8233CC8FB0003F704 /* StreamViewController.xib in Resources */ = {isa = PBXBuildFile; fileRef = 0AD49FB7233CC8FB0003F704 /* StreamViewController.xib */; };
		0AD49FB9233CC8FB0003F704 /* StreamViewController.xib in Resources */ = {isa = PBXBuildFile; fileRef = 0AD49FB7233CC8FB0003F704 /* StreamViewController.xib */; };
		0AD49FBC233CC9560003F704 /* MainViewController.m in Sources */ = {isa = PBXBuildFile; fileRef = 0AD49FBB233CC9560003F704 /* MainViewController.m */; };
		0AD49FBD233CC9560003F704 /* MainViewController.m in Sources */ = {isa = PBXBuildFile; fileRef = 0AD49FBB233CC9560003F704 /* MainViewController.m */; };
/* End PBXBuildFile section */

/* Begin PBXContainerItemProxy section */
		0A3B5D5D233CA90900993899 /* PBXContainerItemProxy */ = {
			isa = PBXContainerItemProxy;
			containerPortal = 0A3B5D39233CA8FF00993899 /* Project object */;
			proxyType = 1;
			remoteGlobalIDString = 0A3B5D40233CA8FF00993899;
			remoteInfo = AudioTestApp;
		};
/* End PBXContainerItemProxy section */

/* Begin PBXFileReference section */
		0A3B5D41233CA8FF00993899 /* AudioTestApp.app */ = {isa = PBXFileReference; explicitFileType = wrapper.application; includeInIndex = 0; path = AudioTestApp.app; sourceTree = BUILT_PRODUCTS_DIR; };
		0A3B5D44233CA8FF00993899 /* AppDelegate.h */ = {isa = PBXFileReference; lastKnownFileType = sourcecode.c.h; path = AppDelegate.h; sourceTree = "<group>"; };
		0A3B5D45233CA8FF00993899 /* AppDelegate.m */ = {isa = PBXFileReference; lastKnownFileType = sourcecode.c.objc; path = AppDelegate.m; sourceTree = "<group>"; };
		0A3B5D47233CA8FF00993899 /* SceneDelegate.h */ = {isa = PBXFileReference; lastKnownFileType = sourcecode.c.h; path = SceneDelegate.h; sourceTree = "<group>"; };
		0A3B5D48233CA8FF00993899 /* SceneDelegate.m */ = {isa = PBXFileReference; lastKnownFileType = sourcecode.c.objc; path = SceneDelegate.m; sourceTree = "<group>"; };
		0A3B5D4A233CA8FF00993899 /* StreamViewController.h */ = {isa = PBXFileReference; lastKnownFileType = sourcecode.c.h; path = StreamViewController.h; sourceTree = "<group>"; };
		0A3B5D4B233CA8FF00993899 /* StreamViewController.m */ = {isa = PBXFileReference; lastKnownFileType = sourcecode.c.objc; path = StreamViewController.m; sourceTree = "<group>"; };
		0A3B5D4E233CA8FF00993899 /* Base */ = {isa = PBXFileReference; lastKnownFileType = file.storyboard; name = Base; path = Base.lproj/Main.storyboard; sourceTree = "<group>"; };
		0A3B5D50233CA90900993899 /* Assets.xcassets */ = {isa = PBXFileReference; lastKnownFileType = folder.assetcatalog; path = Assets.xcassets; sourceTree = "<group>"; };
		0A3B5D53233CA90900993899 /* Base */ = {isa = PBXFileReference; lastKnownFileType = file.storyboard; name = Base; path = Base.lproj/LaunchScreen.storyboard; sourceTree = "<group>"; };
		0A3B5D55233CA90900993899 /* Info.plist */ = {isa = PBXFileReference; lastKnownFileType = text.plist.xml; path = Info.plist; sourceTree = "<group>"; };
		0A3B5D56233CA90900993899 /* main.m */ = {isa = PBXFileReference; lastKnownFileType = sourcecode.c.objc; path = main.m; sourceTree = "<group>"; };
		0A3B5D5C233CA90900993899 /* AudioTestAppUITests.xctest */ = {isa = PBXFileReference; explicitFileType = wrapper.cfbundle; includeInIndex = 0; path = AudioTestAppUITests.xctest; sourceTree = BUILT_PRODUCTS_DIR; };
		0A3B5D60233CA90A00993899 /* AudioTestAppUITests.m */ = {isa = PBXFileReference; lastKnownFileType = sourcecode.c.objc; path = AudioTestAppUITests.m; sourceTree = "<group>"; };
		0A3B5D62233CA90A00993899 /* Info.plist */ = {isa = PBXFileReference; lastKnownFileType = text.plist.xml; path = Info.plist; sourceTree = "<group>"; };
		0A3B5D71233CADC300993899 /* StreamViewControllerViewModel.h */ = {isa = PBXFileReference; lastKnownFileType = sourcecode.c.h; path = StreamViewControllerViewModel.h; sourceTree = "<group>"; };
		0A3B5D72233CADC300993899 /* StreamViewControllerViewModel.m */ = {isa = PBXFileReference; lastKnownFileType = sourcecode.c.objc; path = StreamViewControllerViewModel.m; sourceTree = "<group>"; };
		0AA0CBAD233D0EC300796B08 /* ru */ = {isa = PBXFileReference; lastKnownFileType = text.plist.strings; name = ru; path = ru.lproj/Localizable.strings; sourceTree = "<group>"; };
		0AA0CBB0233D0EC800796B08 /* en */ = {isa = PBXFileReference; lastKnownFileType = text.plist.strings; name = en; path = en.lproj/Localizable.strings; sourceTree = "<group>"; };
		0AD49FB3233CBB4F0003F704 /* AudioStreamService.h */ = {isa = PBXFileReference; lastKnownFileType = sourcecode.c.h; path = AudioStreamService.h; sourceTree = "<group>"; };
		0AD49FB4233CBB4F0003F704 /* AudioStreamService.m */ = {isa = PBXFileReference; lastKnownFileType = sourcecode.c.objc; path = AudioStreamService.m; sourceTree = "<group>"; };
		0AD49FB7233CC8FB0003F704 /* StreamViewController.xib */ = {isa = PBXFileReference; lastKnownFileType = file.xib; path = StreamViewController.xib; sourceTree = "<group>"; };
		0AD49FBA233CC9560003F704 /* MainViewController.h */ = {isa = PBXFileReference; lastKnownFileType = sourcecode.c.h; path = MainViewController.h; sourceTree = "<group>"; };
		0AD49FBB233CC9560003F704 /* MainViewController.m */ = {isa = PBXFileReference; lastKnownFileType = sourcecode.c.objc; path = MainViewController.m; sourceTree = "<group>"; };
/* End PBXFileReference section */

/* Begin PBXFrameworksBuildPhase section */
		0A3B5D3E233CA8FF00993899 /* Frameworks */ = {
			isa = PBXFrameworksBuildPhase;
			buildActionMask = 2147483647;
			files = (
			);
			runOnlyForDeploymentPostprocessing = 0;
		};
		0A3B5D59233CA90900993899 /* Frameworks */ = {
			isa = PBXFrameworksBuildPhase;
			buildActionMask = 2147483647;
			files = (
			);
			runOnlyForDeploymentPostprocessing = 0;
		};
/* End PBXFrameworksBuildPhase section */

/* Begin PBXGroup section */
		0A3B5D38233CA8FF00993899 = {
			isa = PBXGroup;
			children = (
				0A3B5D43233CA8FF00993899 /* AudioTestApp */,
				0A3B5D5F233CA90900993899 /* AudioTestAppUITests */,
				0A3B5D42233CA8FF00993899 /* Products */,
			);
			sourceTree = "<group>";
		};
		0A3B5D42233CA8FF00993899 /* Products */ = {
			isa = PBXGroup;
			children = (
				0A3B5D41233CA8FF00993899 /* AudioTestApp.app */,
				0A3B5D5C233CA90900993899 /* AudioTestAppUITests.xctest */,
			);
			name = Products;
			sourceTree = "<group>";
		};
		0A3B5D43233CA8FF00993899 /* AudioTestApp */ = {
			isa = PBXGroup;
			children = (
				0A3B5D70233CAB4800993899 /* Core */,
				0A3B5D6D233CAAF800993899 /* UI */,
				0A3B5D6C233CAAC700993899 /* Resources */,
				0A3B5D6E233CAB2E00993899 /* Support */,
			);
			path = AudioTestApp;
			sourceTree = "<group>";
		};
		0A3B5D5F233CA90900993899 /* AudioTestAppUITests */ = {
			isa = PBXGroup;
			children = (
				0A3B5D60233CA90A00993899 /* AudioTestAppUITests.m */,
				0A3B5D62233CA90A00993899 /* Info.plist */,
			);
			path = AudioTestAppUITests;
			sourceTree = "<group>";
		};
		0A3B5D6C233CAAC700993899 /* Resources */ = {
			isa = PBXGroup;
			children = (
				0AA0CBAC233D0EC300796B08 /* Localizable.strings */,
				0A3B5D50233CA90900993899 /* Assets.xcassets */,
			);
			path = Resources;
			sourceTree = "<group>";
		};
		0A3B5D6D233CAAF800993899 /* UI */ = {
			isa = PBXGroup;
			children = (
				0A3B5D4D233CA8FF00993899 /* Main.storyboard */,
				0AD49FBA233CC9560003F704 /* MainViewController.h */,
				0AD49FBB233CC9560003F704 /* MainViewController.m */,
				0AD49FBE233CC95E0003F704 /* StreamView */,
			);
			path = UI;
			sourceTree = "<group>";
		};
		0A3B5D6E233CAB2E00993899 /* Support */ = {
			isa = PBXGroup;
			children = (
				0A3B5D44233CA8FF00993899 /* AppDelegate.h */,
				0A3B5D45233CA8FF00993899 /* AppDelegate.m */,
				0A3B5D47233CA8FF00993899 /* SceneDelegate.h */,
				0A3B5D48233CA8FF00993899 /* SceneDelegate.m */,
				0A3B5D52233CA90900993899 /* LaunchScreen.storyboard */,
				0A3B5D55233CA90900993899 /* Info.plist */,
				0A3B5D56233CA90900993899 /* main.m */,
			);
			path = Support;
			sourceTree = "<group>";
		};
		0A3B5D70233CAB4800993899 /* Core */ = {
			isa = PBXGroup;
			children = (
				0AD49FB3233CBB4F0003F704 /* AudioStreamService.h */,
				0AD49FB4233CBB4F0003F704 /* AudioStreamService.m */,
			);
			path = Core;
			sourceTree = "<group>";
		};
		0AD49FBE233CC95E0003F704 /* StreamView */ = {
			isa = PBXGroup;
			children = (
				0AD49FB7233CC8FB0003F704 /* StreamViewController.xib */,
				0A3B5D4A233CA8FF00993899 /* StreamViewController.h */,
				0A3B5D4B233CA8FF00993899 /* StreamViewController.m */,
				0A3B5D71233CADC300993899 /* StreamViewControllerViewModel.h */,
				0A3B5D72233CADC300993899 /* StreamViewControllerViewModel.m */,
			);
			path = StreamView;
			sourceTree = "<group>";
		};
/* End PBXGroup section */

/* Begin PBXNativeTarget section */
		0A3B5D40233CA8FF00993899 /* AudioTestApp */ = {
			isa = PBXNativeTarget;
			buildConfigurationList = 0A3B5D65233CA90A00993899 /* Build configuration list for PBXNativeTarget "AudioTestApp" */;
			buildPhases = (
				0A3B5D3D233CA8FF00993899 /* Sources */,
				0A3B5D3E233CA8FF00993899 /* Frameworks */,
				0A3B5D3F233CA8FF00993899 /* Resources */,
			);
			buildRules = (
			);
			dependencies = (
			);
			name = AudioTestApp;
			productName = AudioTestApp;
			productReference = 0A3B5D41233CA8FF00993899 /* AudioTestApp.app */;
			productType = "com.apple.product-type.application";
		};
		0A3B5D5B233CA90900993899 /* AudioTestAppUITests */ = {
			isa = PBXNativeTarget;
			buildConfigurationList = 0A3B5D68233CA90A00993899 /* Build configuration list for PBXNativeTarget "AudioTestAppUITests" */;
			buildPhases = (
				0A3B5D58233CA90900993899 /* Sources */,
				0A3B5D59233CA90900993899 /* Frameworks */,
				0A3B5D5A233CA90900993899 /* Resources */,
			);
			buildRules = (
			);
			dependencies = (
				0A3B5D5E233CA90900993899 /* PBXTargetDependency */,
			);
			name = AudioTestAppUITests;
			productName = AudioTestAppUITests;
			productReference = 0A3B5D5C233CA90900993899 /* AudioTestAppUITests.xctest */;
			productType = "com.apple.product-type.bundle.ui-testing";
		};
/* End PBXNativeTarget section */

/* Begin PBXProject section */
		0A3B5D39233CA8FF00993899 /* Project object */ = {
			isa = PBXProject;
			attributes = {
				LastUpgradeCheck = 1100;
				ORGANIZATIONNAME = Dmitry;
				TargetAttributes = {
					0A3B5D40233CA8FF00993899 = {
						CreatedOnToolsVersion = 11.0;
					};
					0A3B5D5B233CA90900993899 = {
						CreatedOnToolsVersion = 11.0;
						TestTargetID = 0A3B5D40233CA8FF00993899;
					};
				};
			};
			buildConfigurationList = 0A3B5D3C233CA8FF00993899 /* Build configuration list for PBXProject "AudioTestApp" */;
			compatibilityVersion = "Xcode 9.3";
			developmentRegion = en;
			hasScannedForEncodings = 0;
			knownRegions = (
				en,
				Base,
				ru,
			);
			mainGroup = 0A3B5D38233CA8FF00993899;
			productRefGroup = 0A3B5D42233CA8FF00993899 /* Products */;
			projectDirPath = "";
			projectRoot = "";
			targets = (
				0A3B5D40233CA8FF00993899 /* AudioTestApp */,
				0A3B5D5B233CA90900993899 /* AudioTestAppUITests */,
			);
		};
/* End PBXProject section */

/* Begin PBXResourcesBuildPhase section */
		0A3B5D3F233CA8FF00993899 /* Resources */ = {
			isa = PBXResourcesBuildPhase;
			buildActionMask = 2147483647;
			files = (
				0AA0CBAE233D0EC300796B08 /* Localizable.strings in Resources */,
				0AD49FB8233CC8FB0003F704 /* StreamViewController.xib in Resources */,
				0A3B5D54233CA90900993899 /* LaunchScreen.storyboard in Resources */,
				0A3B5D51233CA90900993899 /* Assets.xcassets in Resources */,
				0A3B5D4F233CA8FF00993899 /* Main.storyboard in Resources */,
			);
			runOnlyForDeploymentPostprocessing = 0;
		};
		0A3B5D5A233CA90900993899 /* Resources */ = {
			isa = PBXResourcesBuildPhase;
			buildActionMask = 2147483647;
			files = (
				0AD49FB9233CC8FB0003F704 /* StreamViewController.xib in Resources */,
				0AA0CBAF233D0EC300796B08 /* Localizable.strings in Resources */,
			);
			runOnlyForDeploymentPostprocessing = 0;
		};
/* End PBXResourcesBuildPhase section */

/* Begin PBXSourcesBuildPhase section */
		0A3B5D3D233CA8FF00993899 /* Sources */ = {
			isa = PBXSourcesBuildPhase;
			buildActionMask = 2147483647;
			files = (
				0A3B5D73233CADC300993899 /* StreamViewControllerViewModel.m in Sources */,
				0A3B5D4C233CA8FF00993899 /* StreamViewController.m in Sources */,
				0A3B5D46233CA8FF00993899 /* AppDelegate.m in Sources */,
				0A3B5D57233CA90900993899 /* main.m in Sources */,
				0AD49FBC233CC9560003F704 /* MainViewController.m in Sources */,
				0AD49FB5233CBB4F0003F704 /* AudioStreamService.m in Sources */,
				0A3B5D49233CA8FF00993899 /* SceneDelegate.m in Sources */,
			);
			runOnlyForDeploymentPostprocessing = 0;
		};
		0A3B5D58233CA90900993899 /* Sources */ = {
			isa = PBXSourcesBuildPhase;
			buildActionMask = 2147483647;
			files = (
				0A3B5D61233CA90A00993899 /* AudioTestAppUITests.m in Sources */,
				0AD49FB6233CBB4F0003F704 /* AudioStreamService.m in Sources */,
				0A3B5D74233CADC300993899 /* StreamViewControllerViewModel.m in Sources */,
				0AD49FBD233CC9560003F704 /* MainViewController.m in Sources */,
			);
			runOnlyForDeploymentPostprocessing = 0;
		};
/* End PBXSourcesBuildPhase section */

/* Begin PBXTargetDependency section */
		0A3B5D5E233CA90900993899 /* PBXTargetDependency */ = {
			isa = PBXTargetDependency;
			target = 0A3B5D40233CA8FF00993899 /* AudioTestApp */;
			targetProxy = 0A3B5D5D233CA90900993899 /* PBXContainerItemProxy */;
		};
/* End PBXTargetDependency section */

/* Begin PBXVariantGroup section */
		0A3B5D4D233CA8FF00993899 /* Main.storyboard */ = {
			isa = PBXVariantGroup;
			children = (
				0A3B5D4E233CA8FF00993899 /* Base */,
			);
			name = Main.storyboard;
			sourceTree = "<group>";
		};
		0A3B5D52233CA90900993899 /* LaunchScreen.storyboard */ = {
			isa = PBXVariantGroup;
			children = (
				0A3B5D53233CA90900993899 /* Base */,
			);
			name = LaunchScreen.storyboard;
			sourceTree = "<group>";
		};
		0AA0CBAC233D0EC300796B08 /* Localizable.strings */ = {
			isa = PBXVariantGroup;
			children = (
				0AA0CBAD233D0EC300796B08 /* ru */,
				0AA0CBB0233D0EC800796B08 /* en */,
			);
			name = Localizable.strings;
			sourceTree = "<group>";
		};
/* End PBXVariantGroup section */

/* Begin XCBuildConfiguration section */
		0A3B5D63233CA90A00993899 /* Debug */ = {
			isa = XCBuildConfiguration;
			buildSettings = {
				ALWAYS_SEARCH_USER_PATHS = NO;
				CLANG_ANALYZER_NONNULL = YES;
				CLANG_ANALYZER_NUMBER_OBJECT_CONVERSION = YES_AGGRESSIVE;
				CLANG_CXX_LANGUAGE_STANDARD = "gnu++14";
				CLANG_CXX_LIBRARY = "libc++";
				CLANG_ENABLE_MODULES = YES;
				CLANG_ENABLE_OBJC_ARC = YES;
				CLANG_ENABLE_OBJC_WEAK = YES;
				CLANG_WARN_BLOCK_CAPTURE_AUTORELEASING = YES;
				CLANG_WARN_BOOL_CONVERSION = YES;
				CLANG_WARN_COMMA = YES;
				CLANG_WARN_CONSTANT_CONVERSION = YES;
				CLANG_WARN_DEPRECATED_OBJC_IMPLEMENTATIONS = YES;
				CLANG_WARN_DIRECT_OBJC_ISA_USAGE = YES_ERROR;
				CLANG_WARN_DOCUMENTATION_COMMENTS = YES;
				CLANG_WARN_EMPTY_BODY = YES;
				CLANG_WARN_ENUM_CONVERSION = YES;
				CLANG_WARN_INFINITE_RECURSION = YES;
				CLANG_WARN_INT_CONVERSION = YES;
				CLANG_WARN_NON_LITERAL_NULL_CONVERSION = YES;
				CLANG_WARN_OBJC_IMPLICIT_RETAIN_SELF = YES;
				CLANG_WARN_OBJC_LITERAL_CONVERSION = YES;
				CLANG_WARN_OBJC_ROOT_CLASS = YES_ERROR;
				CLANG_WARN_RANGE_LOOP_ANALYSIS = YES;
				CLANG_WARN_STRICT_PROTOTYPES = YES;
				CLANG_WARN_SUSPICIOUS_MOVE = YES;
				CLANG_WARN_UNGUARDED_AVAILABILITY = YES_AGGRESSIVE;
				CLANG_WARN_UNREACHABLE_CODE = YES;
				CLANG_WARN__DUPLICATE_METHOD_MATCH = YES;
				COPY_PHASE_STRIP = NO;
				DEBUG_INFORMATION_FORMAT = dwarf;
				ENABLE_STRICT_OBJC_MSGSEND = YES;
				ENABLE_TESTABILITY = YES;
				GCC_C_LANGUAGE_STANDARD = gnu11;
				GCC_DYNAMIC_NO_PIC = NO;
				GCC_NO_COMMON_BLOCKS = YES;
				GCC_OPTIMIZATION_LEVEL = 0;
				GCC_PREPROCESSOR_DEFINITIONS = (
					"DEBUG=1",
					"$(inherited)",
				);
				GCC_WARN_64_TO_32_BIT_CONVERSION = YES;
				GCC_WARN_ABOUT_RETURN_TYPE = YES_ERROR;
				GCC_WARN_UNDECLARED_SELECTOR = YES;
				GCC_WARN_UNINITIALIZED_AUTOS = YES_AGGRESSIVE;
				GCC_WARN_UNUSED_FUNCTION = YES;
				GCC_WARN_UNUSED_VARIABLE = YES;
				IPHONEOS_DEPLOYMENT_TARGET = 13.0;
				MTL_ENABLE_DEBUG_INFO = INCLUDE_SOURCE;
				MTL_FAST_MATH = YES;
				ONLY_ACTIVE_ARCH = YES;
				SDKROOT = iphoneos;
			};
			name = Debug;
		};
		0A3B5D64233CA90A00993899 /* Release */ = {
			isa = XCBuildConfiguration;
			buildSettings = {
				ALWAYS_SEARCH_USER_PATHS = NO;
				CLANG_ANALYZER_NONNULL = YES;
				CLANG_ANALYZER_NUMBER_OBJECT_CONVERSION = YES_AGGRESSIVE;
				CLANG_CXX_LANGUAGE_STANDARD = "gnu++14";
				CLANG_CXX_LIBRARY = "libc++";
				CLANG_ENABLE_MODULES = YES;
				CLANG_ENABLE_OBJC_ARC = YES;
				CLANG_ENABLE_OBJC_WEAK = YES;
				CLANG_WARN_BLOCK_CAPTURE_AUTORELEASING = YES;
				CLANG_WARN_BOOL_CONVERSION = YES;
				CLANG_WARN_COMMA = YES;
				CLANG_WARN_CONSTANT_CONVERSION = YES;
				CLANG_WARN_DEPRECATED_OBJC_IMPLEMENTATIONS = YES;
				CLANG_WARN_DIRECT_OBJC_ISA_USAGE = YES_ERROR;
				CLANG_WARN_DOCUMENTATION_COMMENTS = YES;
				CLANG_WARN_EMPTY_BODY = YES;
				CLANG_WARN_ENUM_CONVERSION = YES;
				CLANG_WARN_INFINITE_RECURSION = YES;
				CLANG_WARN_INT_CONVERSION = YES;
				CLANG_WARN_NON_LITERAL_NULL_CONVERSION = YES;
				CLANG_WARN_OBJC_IMPLICIT_RETAIN_SELF = YES;
				CLANG_WARN_OBJC_LITERAL_CONVERSION = YES;
				CLANG_WARN_OBJC_ROOT_CLASS = YES_ERROR;
				CLANG_WARN_RANGE_LOOP_ANALYSIS = YES;
				CLANG_WARN_STRICT_PROTOTYPES = YES;
				CLANG_WARN_SUSPICIOUS_MOVE = YES;
				CLANG_WARN_UNGUARDED_AVAILABILITY = YES_AGGRESSIVE;
				CLANG_WARN_UNREACHABLE_CODE = YES;
				CLANG_WARN__DUPLICATE_METHOD_MATCH = YES;
				COPY_PHASE_STRIP = NO;
				DEBUG_INFORMATION_FORMAT = "dwarf-with-dsym";
				ENABLE_NS_ASSERTIONS = NO;
				ENABLE_STRICT_OBJC_MSGSEND = YES;
				GCC_C_LANGUAGE_STANDARD = gnu11;
				GCC_NO_COMMON_BLOCKS = YES;
				GCC_WARN_64_TO_32_BIT_CONVERSION = YES;
				GCC_WARN_ABOUT_RETURN_TYPE = YES_ERROR;
				GCC_WARN_UNDECLARED_SELECTOR = YES;
				GCC_WARN_UNINITIALIZED_AUTOS = YES_AGGRESSIVE;
				GCC_WARN_UNUSED_FUNCTION = YES;
				GCC_WARN_UNUSED_VARIABLE = YES;
				IPHONEOS_DEPLOYMENT_TARGET = 13.0;
				MTL_ENABLE_DEBUG_INFO = NO;
				MTL_FAST_MATH = YES;
				SDKROOT = iphoneos;
				VALIDATE_PRODUCT = YES;
			};
			name = Release;
		};
		0A3B5D66233CA90A00993899 /* Debug */ = {
			isa = XCBuildConfiguration;
			buildSettings = {
				ASSETCATALOG_COMPILER_APPICON_NAME = AppIcon;
				CODE_SIGN_STYLE = Automatic;
				DEVELOPMENT_TEAM = 5K42YC37US;
				INFOPLIST_FILE = AudioTestApp/Support/Info.plist;
				LD_RUNPATH_SEARCH_PATHS = (
					"$(inherited)",
					"@executable_path/Frameworks",
				);
				PRODUCT_BUNDLE_IDENTIFIER = com.rockman.AudioTestApp;
				PRODUCT_NAME = "$(TARGET_NAME)";
				TARGETED_DEVICE_FAMILY = "1,2";
			};
			name = Debug;
		};
		0A3B5D67233CA90A00993899 /* Release */ = {
			isa = XCBuildConfiguration;
			buildSettings = {
				ASSETCATALOG_COMPILER_APPICON_NAME = AppIcon;
				CODE_SIGN_STYLE = Automatic;
				DEVELOPMENT_TEAM = 5K42YC37US;
				INFOPLIST_FILE = AudioTestApp/Support/Info.plist;
				LD_RUNPATH_SEARCH_PATHS = (
					"$(inherited)",
					"@executable_path/Frameworks",
				);
				PRODUCT_BUNDLE_IDENTIFIER = com.rockman.AudioTestApp;
				PRODUCT_NAME = "$(TARGET_NAME)";
				TARGETED_DEVICE_FAMILY = "1,2";
			};
			name = Release;
		};
		0A3B5D69233CA90A00993899 /* Debug */ = {
			isa = XCBuildConfiguration;
			buildSettings = {
				CODE_SIGN_STYLE = Automatic;
				DEVELOPMENT_TEAM = 5K42YC37US;
				INFOPLIST_FILE = AudioTestAppUITests/Info.plist;
				LD_RUNPATH_SEARCH_PATHS = (
					"$(inherited)",
					"@executable_path/Frameworks",
					"@loader_path/Frameworks",
				);
				PRODUCT_BUNDLE_IDENTIFIER = com.rockman.AudioTestAppUITests;
				PRODUCT_NAME = "$(TARGET_NAME)";
				TARGETED_DEVICE_FAMILY = "1,2";
				TEST_TARGET_NAME = AudioTestApp;
			};
			name = Debug;
		};
		0A3B5D6A233CA90A00993899 /* Release */ = {
			isa = XCBuildConfiguration;
			buildSettings = {
				CODE_SIGN_STYLE = Automatic;
				DEVELOPMENT_TEAM = 5K42YC37US;
				INFOPLIST_FILE = AudioTestAppUITests/Info.plist;
				LD_RUNPATH_SEARCH_PATHS = (
					"$(inherited)",
					"@executable_path/Frameworks",
					"@loader_path/Frameworks",
				);
				PRODUCT_BUNDLE_IDENTIFIER = com.rockman.AudioTestAppUITests;
				PRODUCT_NAME = "$(TARGET_NAME)";
				TARGETED_DEVICE_FAMILY = "1,2";
				TEST_TARGET_NAME = AudioTestApp;
			};
			name = Release;
		};
/* End XCBuildConfiguration section */

/* Begin XCConfigurationList section */
		0A3B5D3C233CA8FF00993899 /* Build configuration list for PBXProject "AudioTestApp" */ = {
			isa = XCConfigurationList;
			buildConfigurations = (
				0A3B5D63233CA90A00993899 /* Debug */,
				0A3B5D64233CA90A00993899 /* Release */,
			);
			defaultConfigurationIsVisible = 0;
			defaultConfigurationName = Release;
		};
		0A3B5D65233CA90A00993899 /* Build configuration list for PBXNativeTarget "AudioTestApp" */ = {
			isa = XCConfigurationList;
			buildConfigurations = (
				0A3B5D66233CA90A00993899 /* Debug */,
				0A3B5D67233CA90A00993899 /* Release */,
			);
			defaultConfigurationIsVisible = 0;
			defaultConfigurationName = Release;
		};
		0A3B5D68233CA90A00993899 /* Build configuration list for PBXNativeTarget "AudioTestAppUITests" */ = {
			isa = XCConfigurationList;
			buildConfigurations = (
				0A3B5D69233CA90A00993899 /* Debug */,
				0A3B5D6A233CA90A00993899 /* Release */,
			);
			defaultConfigurationIsVisible = 0;
			defaultConfigurationName = Release;
		};
/* End XCConfigurationList section */
	};
	rootObject = 0A3B5D39233CA8FF00993899 /* Project object */;
}
